
Microsoft Visual Studio Solution File, Format Version 12.00
# Visual Studio Version 16
VisualStudioVersion = 16.0.31624.102
MinimumVisualStudioVersion = 10.0.40219.1
Project("{9A19103F-16F7-4668-BE54-9A1E7A4F7556}") = "IS3darbas", "3.1.  RSA\IS3darbas.csproj", "{2B82A5B5-DFC1-4B90-87A9-E5F9A20D3527}"
EndProject
Global
	GlobalSection(SolutionConfigurationPlatforms) = preSolution
		Debug|Any CPU = Debug|Any CPU
		Release|Any CPU = Release|Any CPU
	EndGlobalSection
	GlobalSection(ProjectConfigurationPlatforms) = postSolution
		{2B82A5B5-DFC1-4B90-87A9-E5F9A20D3527}.Debug|Any CPU.ActiveCfg = Debug|Any CPU
		{2B82A5B5-DFC1-4B90-87A9-E5F9A20D3527}.Debug|Any CPU.Build.0 = Debug|Any CPU
		{2B82A5B5-DFC1-4B90-87A9-E5F9A20D3527}.Release|Any CPU.ActiveCfg = Release|Any CPU
		{2B82A5B5-DFC1-4B90-87A9-E5F9A20D3527}.Release|Any CPU.Build.0 = Release|Any CPU
	EndGlobalSection
	GlobalSection(SolutionProperties) = preSolution
		HideSolutionNode = FALSE
	EndGlobalSection
	GlobalSection(ExtensibilityGlobals) = postSolution
		SolutionGuid = {7D099589-DB7F-4E9F-9220-82828502B868}
	EndGlobalSection
EndGlobal
